
Microsoft Visual Studio Solution File, Format Version 12.00
# Visual Studio 2013
VisualStudioVersion = 12.0.21005.1
MinimumVisualStudioVersion = 10.0.40219.1
Project("{FAE04EC0-301F-11D3-BF4B-00C04F79EFBC}") = "Task1To4", "Task1To4\Task1To4.csproj", "{A0D35748-1CB0-4130-B794-FE09A961A303}"
EndProject
Project("{FAE04EC0-301F-11D3-BF4B-00C04F79EFBC}") = "Task5To7", "Task5To7\Task5To7.csproj", "{04A6FEDD-7502-4225-BA53-987E7C997642}"
EndProject
Project("{FAE04EC0-301F-11D3-BF4B-00C04F79EFBC}") = "Task8To10", "Task8To10\Task8To10.csproj", "{AD4A86B9-2A0B-4CA4-8911-2FB4AF5BD458}"
EndProject
Project("{FAE04EC0-301F-11D3-BF4B-00C04F79EFBC}") = "Task11", "Task11\Task11.csproj", "{AEE672F4-67A6-44D7-8294-CF8F5312BA69}"
EndProject
Global
	GlobalSection(SolutionConfigurationPlatforms) = preSolution
		Debug|Any CPU = Debug|Any CPU
		Release|Any CPU = Release|Any CPU
	EndGlobalSection
	GlobalSection(ProjectConfigurationPlatforms) = postSolution
		{A0D35748-1CB0-4130-B794-FE09A961A303}.Debug|Any CPU.ActiveCfg = Debug|Any CPU
		{A0D35748-1CB0-4130-B794-FE09A961A303}.Debug|Any CPU.Build.0 = Debug|Any CPU
		{A0D35748-1CB0-4130-B794-FE09A961A303}.Release|Any CPU.ActiveCfg = Release|Any CPU
		{A0D35748-1CB0-4130-B794-FE09A961A303}.Release|Any CPU.Build.0 = Release|Any CPU
		{04A6FEDD-7502-4225-BA53-987E7C997642}.Debug|Any CPU.ActiveCfg = Debug|Any CPU
		{04A6FEDD-7502-4225-BA53-987E7C997642}.Debug|Any CPU.Build.0 = Debug|Any CPU
		{04A6FEDD-7502-4225-BA53-987E7C997642}.Release|Any CPU.ActiveCfg = Release|Any CPU
		{04A6FEDD-7502-4225-BA53-987E7C997642}.Release|Any CPU.Build.0 = Release|Any CPU
		{AD4A86B9-2A0B-4CA4-8911-2FB4AF5BD458}.Debug|Any CPU.ActiveCfg = Debug|Any CPU
		{AD4A86B9-2A0B-4CA4-8911-2FB4AF5BD458}.Debug|Any CPU.Build.0 = Debug|Any CPU
		{AD4A86B9-2A0B-4CA4-8911-2FB4AF5BD458}.Release|Any CPU.ActiveCfg = Release|Any CPU
		{AD4A86B9-2A0B-4CA4-8911-2FB4AF5BD458}.Release|Any CPU.Build.0 = Release|Any CPU
		{AEE672F4-67A6-44D7-8294-CF8F5312BA69}.Debug|Any CPU.ActiveCfg = Debug|Any CPU
		{AEE672F4-67A6-44D7-8294-CF8F5312BA69}.Debug|Any CPU.Build.0 = Debug|Any CPU
		{AEE672F4-67A6-44D7-8294-CF8F5312BA69}.Release|Any CPU.ActiveCfg = Release|Any CPU
		{AEE672F4-67A6-44D7-8294-CF8F5312BA69}.Release|Any CPU.Build.0 = Release|Any CPU
	EndGlobalSection
	GlobalSection(SolutionProperties) = preSolution
		HideSolutionNode = FALSE
	EndGlobalSection
EndGlobal
