
Microsoft Visual Studio Solution File, Format Version 12.00
# Visual Studio 2013
VisualStudioVersion = 12.0.21005.1
MinimumVisualStudioVersion = 10.0.40219.1
Project("{FAE04EC0-301F-11D3-BF4B-00C04F79EFBC}") = "1. FillMatrix", "FillMatrix\1. FillMatrix.csproj", "{B8DA82CC-4585-4C4D-A520-C61BF36771E6}"
EndProject
Project("{FAE04EC0-301F-11D3-BF4B-00C04F79EFBC}") = "2. MaxSum", "MaxSum\2. MaxSum.csproj", "{8E72F92D-8EC1-49E8-83AB-E6C37DCB6302}"
EndProject
Project("{FAE04EC0-301F-11D3-BF4B-00C04F79EFBC}") = "3. LongestSequence", "LongestSequence\3. LongestSequence.csproj", "{5A1D6CC5-03C3-4965-BE95-D55E459A3A59}"
EndProject
Project("{FAE04EC0-301F-11D3-BF4B-00C04F79EFBC}") = "4. OddBinarySearch", "OddBinarySearch\4. OddBinarySearch.csproj", "{9BBDBCB5-8C6D-4FA4-9922-37C85CF58E2C}"
EndProject
Project("{FAE04EC0-301F-11D3-BF4B-00C04F79EFBC}") = "5. SortingStrings", "SortingStrings\5. SortingStrings.csproj", "{D9BD2994-F17A-4C90-88E0-BD6A47F9F077}"
EndProject
Project("{FAE04EC0-301F-11D3-BF4B-00C04F79EFBC}") = "6. Matrix", "Matrix\6. Matrix.csproj", "{DD2442A0-ACAD-47FF-8F03-7E3F046370E6}"
EndProject
Global
	GlobalSection(SolutionConfigurationPlatforms) = preSolution
		Debug|Any CPU = Debug|Any CPU
		Release|Any CPU = Release|Any CPU
	EndGlobalSection
	GlobalSection(ProjectConfigurationPlatforms) = postSolution
		{B8DA82CC-4585-4C4D-A520-C61BF36771E6}.Debug|Any CPU.ActiveCfg = Debug|Any CPU
		{B8DA82CC-4585-4C4D-A520-C61BF36771E6}.Debug|Any CPU.Build.0 = Debug|Any CPU
		{B8DA82CC-4585-4C4D-A520-C61BF36771E6}.Release|Any CPU.ActiveCfg = Release|Any CPU
		{B8DA82CC-4585-4C4D-A520-C61BF36771E6}.Release|Any CPU.Build.0 = Release|Any CPU
		{8E72F92D-8EC1-49E8-83AB-E6C37DCB6302}.Debug|Any CPU.ActiveCfg = Debug|Any CPU
		{8E72F92D-8EC1-49E8-83AB-E6C37DCB6302}.Debug|Any CPU.Build.0 = Debug|Any CPU
		{8E72F92D-8EC1-49E8-83AB-E6C37DCB6302}.Release|Any CPU.ActiveCfg = Release|Any CPU
		{8E72F92D-8EC1-49E8-83AB-E6C37DCB6302}.Release|Any CPU.Build.0 = Release|Any CPU
		{5A1D6CC5-03C3-4965-BE95-D55E459A3A59}.Debug|Any CPU.ActiveCfg = Debug|Any CPU
		{5A1D6CC5-03C3-4965-BE95-D55E459A3A59}.Debug|Any CPU.Build.0 = Debug|Any CPU
		{5A1D6CC5-03C3-4965-BE95-D55E459A3A59}.Release|Any CPU.ActiveCfg = Release|Any CPU
		{5A1D6CC5-03C3-4965-BE95-D55E459A3A59}.Release|Any CPU.Build.0 = Release|Any CPU
		{9BBDBCB5-8C6D-4FA4-9922-37C85CF58E2C}.Debug|Any CPU.ActiveCfg = Debug|Any CPU
		{9BBDBCB5-8C6D-4FA4-9922-37C85CF58E2C}.Debug|Any CPU.Build.0 = Debug|Any CPU
		{9BBDBCB5-8C6D-4FA4-9922-37C85CF58E2C}.Release|Any CPU.ActiveCfg = Release|Any CPU
		{9BBDBCB5-8C6D-4FA4-9922-37C85CF58E2C}.Release|Any CPU.Build.0 = Release|Any CPU
		{D9BD2994-F17A-4C90-88E0-BD6A47F9F077}.Debug|Any CPU.ActiveCfg = Debug|Any CPU
		{D9BD2994-F17A-4C90-88E0-BD6A47F9F077}.Debug|Any CPU.Build.0 = Debug|Any CPU
		{D9BD2994-F17A-4C90-88E0-BD6A47F9F077}.Release|Any CPU.ActiveCfg = Release|Any CPU
		{D9BD2994-F17A-4C90-88E0-BD6A47F9F077}.Release|Any CPU.Build.0 = Release|Any CPU
		{DD2442A0-ACAD-47FF-8F03-7E3F046370E6}.Debug|Any CPU.ActiveCfg = Debug|Any CPU
		{DD2442A0-ACAD-47FF-8F03-7E3F046370E6}.Debug|Any CPU.Build.0 = Debug|Any CPU
		{DD2442A0-ACAD-47FF-8F03-7E3F046370E6}.Release|Any CPU.ActiveCfg = Release|Any CPU
		{DD2442A0-ACAD-47FF-8F03-7E3F046370E6}.Release|Any CPU.Build.0 = Release|Any CPU
	EndGlobalSection
	GlobalSection(SolutionProperties) = preSolution
		HideSolutionNode = FALSE
	EndGlobalSection
EndGlobal
