
Microsoft Visual Studio Solution File, Format Version 12.00
# Visual Studio 2013
VisualStudioVersion = 12.0.21005.1
MinimumVisualStudioVersion = 10.0.40219.1
Project("{FAE04EC0-301F-11D3-BF4B-00C04F79EFBC}") = "1.SquareRoot", "SquareRoot\1.SquareRoot.csproj", "{EDA08AE0-A955-4E5E-B80F-12540B01391C}"
EndProject
Project("{FAE04EC0-301F-11D3-BF4B-00C04F79EFBC}") = "2.ReadNumbers", "ReadNumbers\2.ReadNumbers.csproj", "{2B4CF580-15EF-45F8-BAAF-4AAE33E9BF0C}"
EndProject
Project("{FAE04EC0-301F-11D3-BF4B-00C04F79EFBC}") = "3.Cat", "Cat\3.Cat.csproj", "{C242AC05-0280-41A8-86CC-93D7471DCC89}"
EndProject
Project("{FAE04EC0-301F-11D3-BF4B-00C04F79EFBC}") = "4.Wget", "Wget\4.Wget.csproj", "{B91DF185-19AD-4E4D-8145-C13F15C7D124}"
EndProject
Global
	GlobalSection(SolutionConfigurationPlatforms) = preSolution
		Debug|Any CPU = Debug|Any CPU
		Release|Any CPU = Release|Any CPU
	EndGlobalSection
	GlobalSection(ProjectConfigurationPlatforms) = postSolution
		{EDA08AE0-A955-4E5E-B80F-12540B01391C}.Debug|Any CPU.ActiveCfg = Debug|Any CPU
		{EDA08AE0-A955-4E5E-B80F-12540B01391C}.Debug|Any CPU.Build.0 = Debug|Any CPU
		{EDA08AE0-A955-4E5E-B80F-12540B01391C}.Release|Any CPU.ActiveCfg = Release|Any CPU
		{EDA08AE0-A955-4E5E-B80F-12540B01391C}.Release|Any CPU.Build.0 = Release|Any CPU
		{2B4CF580-15EF-45F8-BAAF-4AAE33E9BF0C}.Debug|Any CPU.ActiveCfg = Debug|Any CPU
		{2B4CF580-15EF-45F8-BAAF-4AAE33E9BF0C}.Debug|Any CPU.Build.0 = Debug|Any CPU
		{2B4CF580-15EF-45F8-BAAF-4AAE33E9BF0C}.Release|Any CPU.ActiveCfg = Release|Any CPU
		{2B4CF580-15EF-45F8-BAAF-4AAE33E9BF0C}.Release|Any CPU.Build.0 = Release|Any CPU
		{C242AC05-0280-41A8-86CC-93D7471DCC89}.Debug|Any CPU.ActiveCfg = Debug|Any CPU
		{C242AC05-0280-41A8-86CC-93D7471DCC89}.Debug|Any CPU.Build.0 = Debug|Any CPU
		{C242AC05-0280-41A8-86CC-93D7471DCC89}.Release|Any CPU.ActiveCfg = Release|Any CPU
		{C242AC05-0280-41A8-86CC-93D7471DCC89}.Release|Any CPU.Build.0 = Release|Any CPU
		{B91DF185-19AD-4E4D-8145-C13F15C7D124}.Debug|Any CPU.ActiveCfg = Debug|Any CPU
		{B91DF185-19AD-4E4D-8145-C13F15C7D124}.Debug|Any CPU.Build.0 = Debug|Any CPU
		{B91DF185-19AD-4E4D-8145-C13F15C7D124}.Release|Any CPU.ActiveCfg = Release|Any CPU
		{B91DF185-19AD-4E4D-8145-C13F15C7D124}.Release|Any CPU.Build.0 = Release|Any CPU
	EndGlobalSection
	GlobalSection(SolutionProperties) = preSolution
		HideSolutionNode = FALSE
	EndGlobalSection
EndGlobal
